{
  "pins" : [
    {
      "identity" : "swifty-ber-tlv",
      "kind" : "remoteSourceControl",
      "location" : "https://github.com/kaphacius/swifty-ber-tlv",
      "state" : {
        "revision" : "291319faebd380e02c11dd2b5d390043f9aaf4eb",
        "version" : "0.4.3"
      }
    },
    {
      "identity" : "swifty-emv-tags",
      "kind" : "remoteSourceControl",
      "location" : "https://github.com/kaphacius/swifty-emv-tags",
      "state" : {
        "revision" : "579a7a654343e34fc570c7048a3169d09b2c9b9c"
      }
    }
  ],
  "version" : 2
}
