{
  "pins" : [
    {
      "identity" : "swifty-ber-tlv",
      "kind" : "remoteSourceControl",
      "location" : "https://github.com/kaphacius/swifty-ber-tlv",
      "state" : {
        "branch" : "develop",
        "revision" : "0aa6b673075d4b996c3ffc58f06ef2a50fcf3853"
      }
    },
    {
      "identity" : "swifty-emv-tags",
      "kind" : "remoteSourceControl",
      "location" : "https://github.com/kaphacius/swifty-emv-tags",
      "state" : {
        "branch" : "develop",
        "revision" : "1a5fc97578f6979cce83f3d7a7fd398cae2c4e75"
      }
    }
  ],
  "version" : 2
}
