{
  "pins" : [
    {
      "identity" : "swifty-ber-tlv",
      "kind" : "remoteSourceControl",
      "location" : "https://github.com/kaphacius/swifty-ber-tlv",
      "state" : {
        "branch" : "develop",
        "revision" : "829a57753483a7e5ce3c96b4833b81ff577f9180"
      }
    },
    {
      "identity" : "swifty-emv-tags",
      "kind" : "remoteSourceControl",
      "location" : "https://github.com/kaphacius/swifty-emv-tags",
      "state" : {
        "branch" : "main",
        "revision" : "01f3098b9b24c51b78c1a5d73eab7b44403c39f0"
      }
    }
  ],
  "version" : 2
}
